
Microsoft Visual Studio Solution File, Format Version 12.00
# Visual Studio 14
VisualStudioVersion = 14.0.23107.0
MinimumVisualStudioVersion = 10.0.40219.1
Project("{2150E333-8FDC-42A3-9474-1A3956D46DE8}") = "Number01", "Number01", "{62F5A14E-84F1-4C5B-A998-8C35277BD2E3}"
EndProject
Project("{FAE04EC0-301F-11D3-BF4B-00C04F79EFBC}") = "PropertyChanged", "PropertyChanged\PropertyChanged.csproj", "{C77E87AF-441E-4614-AA9C-5CBBA2EC11E2}"
EndProject
Project("{2150E333-8FDC-42A3-9474-1A3956D46DE8}") = "Number02", "Number02", "{D78B8257-AB06-44F0-A668-812044F5A044}"
EndProject
Project("{FAE04EC0-301F-11D3-BF4B-00C04F79EFBC}") = "Caseless", "Caseless\Caseless.csproj", "{4A8E5432-EBC2-475B-B4C0-D0D6076672E3}"
EndProject
Project("{FAE04EC0-301F-11D3-BF4B-00C04F79EFBC}") = "Anotar", "Anotar\Anotar.csproj", "{1D48DC09-B9C5-4C9E-806E-4CE28567AD21}"
EndProject
Project("{2150E333-8FDC-42A3-9474-1A3956D46DE8}") = "Number03", "Number03", "{98EE28F3-E157-46D6-A628-ADE4237CF47A}"
EndProject
Project("{FAE04EC0-301F-11D3-BF4B-00C04F79EFBC}") = "Janitor", "Janitor\Janitor.csproj", "{293332B9-1D50-4DD7-9855-BC6874C5B045}"
EndProject
Project("{2150E333-8FDC-42A3-9474-1A3956D46DE8}") = "Number04", "Number04", "{C695719C-984B-4D45-95BC-45E6446C7594}"
EndProject
Project("{FAE04EC0-301F-11D3-BF4B-00C04F79EFBC}") = "MethodTimer", "MethodTimer\MethodTimer.csproj", "{D1FA1A28-ED49-4D16-883E-9F81B390B9DA}"
EndProject
Project("{FAE04EC0-301F-11D3-BF4B-00C04F79EFBC}") = "Commander", "Commander\Commander.csproj", "{44593F34-D4F4-4367-B2F3-F0F9ECFF83D8}"
EndProject
Project("{2150E333-8FDC-42A3-9474-1A3956D46DE8}") = "Number05", "Number05", "{07BD3A0B-02E7-4223-921F-2252C21A235C}"
EndProject
Project("{2150E333-8FDC-42A3-9474-1A3956D46DE8}") = "Number06", "Number06", "{A262EC84-4432-421E-A57D-A5338FCD9EA2}"
EndProject
Project("{FAE04EC0-301F-11D3-BF4B-00C04F79EFBC}") = "Slides", "Slides\Slides.csproj", "{757586A7-B7B3-4064-A32F-E2B9BCAC8786}"
EndProject
Project("{FAE04EC0-301F-11D3-BF4B-00C04F79EFBC}") = "NullGuard", "NullGuard\NullGuard.csproj", "{2EAB0C7C-0A6C-47DC-B3BE-B812EF57B9E2}"
EndProject
Project("{2150E333-8FDC-42A3-9474-1A3956D46DE8}") = "Number07", "Number07", "{A48814CC-BA54-4A8B-89DD-AB19E89A781B}"
EndProject
Global
	GlobalSection(SolutionConfigurationPlatforms) = preSolution
		Debug|Any CPU = Debug|Any CPU
		Release|Any CPU = Release|Any CPU
	EndGlobalSection
	GlobalSection(ProjectConfigurationPlatforms) = postSolution
		{C77E87AF-441E-4614-AA9C-5CBBA2EC11E2}.Debug|Any CPU.ActiveCfg = Debug|Any CPU
		{C77E87AF-441E-4614-AA9C-5CBBA2EC11E2}.Debug|Any CPU.Build.0 = Debug|Any CPU
		{C77E87AF-441E-4614-AA9C-5CBBA2EC11E2}.Release|Any CPU.ActiveCfg = Release|Any CPU
		{C77E87AF-441E-4614-AA9C-5CBBA2EC11E2}.Release|Any CPU.Build.0 = Release|Any CPU
		{4A8E5432-EBC2-475B-B4C0-D0D6076672E3}.Debug|Any CPU.ActiveCfg = Debug|Any CPU
		{4A8E5432-EBC2-475B-B4C0-D0D6076672E3}.Debug|Any CPU.Build.0 = Debug|Any CPU
		{4A8E5432-EBC2-475B-B4C0-D0D6076672E3}.Release|Any CPU.ActiveCfg = Release|Any CPU
		{4A8E5432-EBC2-475B-B4C0-D0D6076672E3}.Release|Any CPU.Build.0 = Release|Any CPU
		{1D48DC09-B9C5-4C9E-806E-4CE28567AD21}.Debug|Any CPU.ActiveCfg = Debug|Any CPU
		{1D48DC09-B9C5-4C9E-806E-4CE28567AD21}.Debug|Any CPU.Build.0 = Debug|Any CPU
		{1D48DC09-B9C5-4C9E-806E-4CE28567AD21}.Release|Any CPU.ActiveCfg = Release|Any CPU
		{1D48DC09-B9C5-4C9E-806E-4CE28567AD21}.Release|Any CPU.Build.0 = Release|Any CPU
		{293332B9-1D50-4DD7-9855-BC6874C5B045}.Debug|Any CPU.ActiveCfg = Debug|Any CPU
		{293332B9-1D50-4DD7-9855-BC6874C5B045}.Debug|Any CPU.Build.0 = Debug|Any CPU
		{293332B9-1D50-4DD7-9855-BC6874C5B045}.Release|Any CPU.ActiveCfg = Release|Any CPU
		{293332B9-1D50-4DD7-9855-BC6874C5B045}.Release|Any CPU.Build.0 = Release|Any CPU
		{D1FA1A28-ED49-4D16-883E-9F81B390B9DA}.Debug|Any CPU.ActiveCfg = Debug|Any CPU
		{D1FA1A28-ED49-4D16-883E-9F81B390B9DA}.Debug|Any CPU.Build.0 = Debug|Any CPU
		{D1FA1A28-ED49-4D16-883E-9F81B390B9DA}.Release|Any CPU.ActiveCfg = Release|Any CPU
		{D1FA1A28-ED49-4D16-883E-9F81B390B9DA}.Release|Any CPU.Build.0 = Release|Any CPU
		{44593F34-D4F4-4367-B2F3-F0F9ECFF83D8}.Debug|Any CPU.ActiveCfg = Debug|Any CPU
		{44593F34-D4F4-4367-B2F3-F0F9ECFF83D8}.Debug|Any CPU.Build.0 = Debug|Any CPU
		{44593F34-D4F4-4367-B2F3-F0F9ECFF83D8}.Release|Any CPU.ActiveCfg = Release|Any CPU
		{44593F34-D4F4-4367-B2F3-F0F9ECFF83D8}.Release|Any CPU.Build.0 = Release|Any CPU
		{757586A7-B7B3-4064-A32F-E2B9BCAC8786}.Debug|Any CPU.ActiveCfg = Debug|Any CPU
		{757586A7-B7B3-4064-A32F-E2B9BCAC8786}.Debug|Any CPU.Build.0 = Debug|Any CPU
		{757586A7-B7B3-4064-A32F-E2B9BCAC8786}.Release|Any CPU.ActiveCfg = Release|Any CPU
		{757586A7-B7B3-4064-A32F-E2B9BCAC8786}.Release|Any CPU.Build.0 = Release|Any CPU
		{2EAB0C7C-0A6C-47DC-B3BE-B812EF57B9E2}.Debug|Any CPU.ActiveCfg = Debug|Any CPU
		{2EAB0C7C-0A6C-47DC-B3BE-B812EF57B9E2}.Debug|Any CPU.Build.0 = Debug|Any CPU
		{2EAB0C7C-0A6C-47DC-B3BE-B812EF57B9E2}.Release|Any CPU.ActiveCfg = Release|Any CPU
		{2EAB0C7C-0A6C-47DC-B3BE-B812EF57B9E2}.Release|Any CPU.Build.0 = Release|Any CPU
	EndGlobalSection
	GlobalSection(SolutionProperties) = preSolution
		HideSolutionNode = FALSE
	EndGlobalSection
	GlobalSection(NestedProjects) = preSolution
		{C77E87AF-441E-4614-AA9C-5CBBA2EC11E2} = {62F5A14E-84F1-4C5B-A998-8C35277BD2E3}
		{4A8E5432-EBC2-475B-B4C0-D0D6076672E3} = {D78B8257-AB06-44F0-A668-812044F5A044}
		{1D48DC09-B9C5-4C9E-806E-4CE28567AD21} = {98EE28F3-E157-46D6-A628-ADE4237CF47A}
		{293332B9-1D50-4DD7-9855-BC6874C5B045} = {C695719C-984B-4D45-95BC-45E6446C7594}
		{D1FA1A28-ED49-4D16-883E-9F81B390B9DA} = {A262EC84-4432-421E-A57D-A5338FCD9EA2}
		{44593F34-D4F4-4367-B2F3-F0F9ECFF83D8} = {07BD3A0B-02E7-4223-921F-2252C21A235C}
		{2EAB0C7C-0A6C-47DC-B3BE-B812EF57B9E2} = {A48814CC-BA54-4A8B-89DD-AB19E89A781B}
	EndGlobalSection
EndGlobal
